
Microsoft Visual Studio Solution File, Format Version 11.00
# Visual Studio 2010
Project("{8BC9CEB8-8B4A-11D0-8D11-00A0C91BC942}") = "timePiece", "timePiece.vcxproj", "{073A41B8-2578-7AF1-0107-6A5BCDCD680D}"
EndProject
Global
	GlobalSection(SolutionConfigurationPlatforms) = preSolution
		Debug|Win32 = Debug|Win32
		Release|Win32 = Release|Win32
	EndGlobalSection
	GlobalSection(ProjectConfigurationPlatforms) = postSolution
		{073A41B8-2578-7AF1-0107-6A5BCDCD680D}.Debug|Win32.ActiveCfg = Debug|Win32
		{073A41B8-2578-7AF1-0107-6A5BCDCD680D}.Debug|Win32.Build.0 = Debug|Win32
		{073A41B8-2578-7AF1-0107-6A5BCDCD680D}.Release|Win32.ActiveCfg = Release|Win32
		{073A41B8-2578-7AF1-0107-6A5BCDCD680D}.Release|Win32.Build.0 = Release|Win32
	EndGlobalSection
	GlobalSection(SolutionProperties) = preSolution
		HideSolutionNode = FALSE
	EndGlobalSection
EndGlobal
