
Microsoft Visual Studio Solution File, Format Version 10.00
# Visual C++ Express 2008
Project("{8BC9CEB8-8B4A-11D0-8D11-00A0C91BC942}") = "lab8_9", "lab8_9\lab8_9.vcproj", "{A4E2F669-3B4D-4349-AC0F-EBFFEF42265B}"
EndProject
Global
	GlobalSection(SolutionConfigurationPlatforms) = preSolution
		Debug|Win32 = Debug|Win32
		Release|Win32 = Release|Win32
	EndGlobalSection
	GlobalSection(ProjectConfigurationPlatforms) = postSolution
		{A4E2F669-3B4D-4349-AC0F-EBFFEF42265B}.Debug|Win32.ActiveCfg = Debug|Win32
		{A4E2F669-3B4D-4349-AC0F-EBFFEF42265B}.Debug|Win32.Build.0 = Debug|Win32
		{A4E2F669-3B4D-4349-AC0F-EBFFEF42265B}.Release|Win32.ActiveCfg = Release|Win32
		{A4E2F669-3B4D-4349-AC0F-EBFFEF42265B}.Release|Win32.Build.0 = Release|Win32
	EndGlobalSection
	GlobalSection(SolutionProperties) = preSolution
		HideSolutionNode = FALSE
	EndGlobalSection
EndGlobal
